
Microsoft Visual Studio Solution File, Format Version 12.00
# Visual Studio Version 17
VisualStudioVersion = 17.8.34601.278
MinimumVisualStudioVersion = 10.0.40219.1
Project("{FAE04EC0-301F-11D3-BF4B-00C04F79EFBC}") = "ImageToGrayscale", "ImageToGrayscale.csproj", "{0EED08BD-E6EC-4225-B548-8C04A0C0A3B4}"
EndProject
Global
	GlobalSection(SolutionConfigurationPlatforms) = preSolution
		Debug|Any CPU = Debug|Any CPU
		Release|Any CPU = Release|Any CPU
	EndGlobalSection
	GlobalSection(ProjectConfigurationPlatforms) = postSolution
		{0EED08BD-E6EC-4225-B548-8C04A0C0A3B4}.Debug|Any CPU.ActiveCfg = Debug|Any CPU
		{0EED08BD-E6EC-4225-B548-8C04A0C0A3B4}.Debug|Any CPU.Build.0 = Debug|Any CPU
		{0EED08BD-E6EC-4225-B548-8C04A0C0A3B4}.Release|Any CPU.ActiveCfg = Release|Any CPU
		{0EED08BD-E6EC-4225-B548-8C04A0C0A3B4}.Release|Any CPU.Build.0 = Release|Any CPU
	EndGlobalSection
	GlobalSection(SolutionProperties) = preSolution
		HideSolutionNode = FALSE
	EndGlobalSection
	GlobalSection(ExtensibilityGlobals) = postSolution
		SolutionGuid = {1035668C-A4C5-4229-9EFC-200F85CC53CF}
	EndGlobalSection
EndGlobal
